<?xml version="1.0" encoding="UTF-8" standalone="yes" ?>
<CodeBlocks_project_file>
	<FileVersion major="1" minor="6" />
	<Project>
		<Option title="Bulldozer" />
		<Option pch_mode="2" />
		<Option compiler="gcc" />
		<Build>
			<Target title="Default">
				<Option output="bin\Bulldozer" prefix_auto="1" extension_auto="1" />
				<Option object_output="obj\" />
				<Option type="3" />
				<Option compiler="gcc" />
				<Option createDefFile="1" />
				<Option createStaticLib="1" />
				<Compiler>
					<Add option="-Wall" />
					<Add option="-DBUILD_DLL" />
					<Add option="-g" />
				</Compiler>
				<Linker>
					<Add library="user32" />
				</Linker>
			</Target>
		</Build>
		<Unit filename="BZBase.cpp" />
		<Unit filename="BZBase.h" />
		<Unit filename="BZCollectable.cpp" />
		<Unit filename="BZCollectable.h" />
		<Unit filename="BZCollector.cpp" />
		<Unit filename="BZCollector.h" />
		<Unit filename="BZHashTable.cpp" />
		<Unit filename="BZHashTable.h" />
		<Extensions>
			<code_completion />
			<debugger />
		</Extensions>
	</Project>
</CodeBlocks_project_file>
